
Microsoft Visual Studio Solution File, Format Version 10.00
# Visual C++ Express 2008
Project("{8BC9CEB8-8B4A-11D0-8D11-00A0C91BC942}") = "example1", "example1.vcproj", "{BF57A517-16EE-41A8-B8AB-D015CA7C3820}"
EndProject
Global
	GlobalSection(SolutionConfigurationPlatforms) = preSolution
		Debug|Win32 = Debug|Win32
		Release|Win32 = Release|Win32
	EndGlobalSection
	GlobalSection(ProjectConfigurationPlatforms) = postSolution
		{BF57A517-16EE-41A8-B8AB-D015CA7C3820}.Debug|Win32.ActiveCfg = Debug|Win32
		{BF57A517-16EE-41A8-B8AB-D015CA7C3820}.Debug|Win32.Build.0 = Debug|Win32
		{BF57A517-16EE-41A8-B8AB-D015CA7C3820}.Release|Win32.ActiveCfg = Release|Win32
		{BF57A517-16EE-41A8-B8AB-D015CA7C3820}.Release|Win32.Build.0 = Release|Win32
	EndGlobalSection
	GlobalSection(SolutionProperties) = preSolution
		HideSolutionNode = FALSE
	EndGlobalSection
EndGlobal
