
Microsoft Visual Studio Solution File, Format Version 10.00
# Visual C++ Express 2008
Project("{8BC9CEB8-8B4A-11D0-8D11-00A0C91BC942}") = "draw_graph", "draw_graph.vcproj", "{95D0EB34-FF9C-447D-B7FE-98C757E04D5F}"
EndProject
Global
	GlobalSection(SolutionConfigurationPlatforms) = preSolution
		Debug|Win32 = Debug|Win32
		Release|Win32 = Release|Win32
	EndGlobalSection
	GlobalSection(ProjectConfigurationPlatforms) = postSolution
		{95D0EB34-FF9C-447D-B7FE-98C757E04D5F}.Debug|Win32.ActiveCfg = Debug|Win32
		{95D0EB34-FF9C-447D-B7FE-98C757E04D5F}.Debug|Win32.Build.0 = Debug|Win32
		{95D0EB34-FF9C-447D-B7FE-98C757E04D5F}.Release|Win32.ActiveCfg = Release|Win32
		{95D0EB34-FF9C-447D-B7FE-98C757E04D5F}.Release|Win32.Build.0 = Release|Win32
	EndGlobalSection
	GlobalSection(SolutionProperties) = preSolution
		HideSolutionNode = FALSE
	EndGlobalSection
EndGlobal
