
Microsoft Visual Studio Solution File, Format Version 10.00
# Visual C++ Express 2008
Project("{8BC9CEB8-8B4A-11D0-8D11-00A0C91BC942}") = "font_example", "font_example.vcproj", "{989CDAD5-66A2-41A0-B11C-BE28F5958E90}"
EndProject
Global
	GlobalSection(SolutionConfigurationPlatforms) = preSolution
		Debug|Win32 = Debug|Win32
		Release|Win32 = Release|Win32
	EndGlobalSection
	GlobalSection(ProjectConfigurationPlatforms) = postSolution
		{989CDAD5-66A2-41A0-B11C-BE28F5958E90}.Debug|Win32.ActiveCfg = Debug|Win32
		{989CDAD5-66A2-41A0-B11C-BE28F5958E90}.Debug|Win32.Build.0 = Debug|Win32
		{989CDAD5-66A2-41A0-B11C-BE28F5958E90}.Release|Win32.ActiveCfg = Release|Win32
		{989CDAD5-66A2-41A0-B11C-BE28F5958E90}.Release|Win32.Build.0 = Release|Win32
	EndGlobalSection
	GlobalSection(SolutionProperties) = preSolution
		HideSolutionNode = FALSE
	EndGlobalSection
EndGlobal
