
Microsoft Visual Studio Solution File, Format Version 10.00
# Visual C++ Express 2008
Project("{8BC9CEB8-8B4A-11D0-8D11-00A0C91BC942}") = "plot_jacobian", "plot_jacobian.vcproj", "{CFD47737-2EF2-4F57-BB54-73276F38847F}"
EndProject
Global
	GlobalSection(SolutionConfigurationPlatforms) = preSolution
		Debug|Win32 = Debug|Win32
		Release|Win32 = Release|Win32
	EndGlobalSection
	GlobalSection(ProjectConfigurationPlatforms) = postSolution
		{CFD47737-2EF2-4F57-BB54-73276F38847F}.Debug|Win32.ActiveCfg = Debug|Win32
		{CFD47737-2EF2-4F57-BB54-73276F38847F}.Debug|Win32.Build.0 = Debug|Win32
		{CFD47737-2EF2-4F57-BB54-73276F38847F}.Release|Win32.ActiveCfg = Release|Win32
		{CFD47737-2EF2-4F57-BB54-73276F38847F}.Release|Win32.Build.0 = Release|Win32
	EndGlobalSection
	GlobalSection(SolutionProperties) = preSolution
		HideSolutionNode = FALSE
	EndGlobalSection
EndGlobal
