
Microsoft Visual Studio Solution File, Format Version 10.00
# Visual C++ Express 2008
Project("{8BC9CEB8-8B4A-11D0-8D11-00A0C91BC942}") = "haar_filter_bank", "haar_filter_bank.vcproj", "{0D89C0CD-48A1-45C6-A80C-8AE2C7A0EEAE}"
EndProject
Global
	GlobalSection(SolutionConfigurationPlatforms) = preSolution
		Debug|Win32 = Debug|Win32
		Release|Win32 = Release|Win32
	EndGlobalSection
	GlobalSection(ProjectConfigurationPlatforms) = postSolution
		{0D89C0CD-48A1-45C6-A80C-8AE2C7A0EEAE}.Debug|Win32.ActiveCfg = Debug|Win32
		{0D89C0CD-48A1-45C6-A80C-8AE2C7A0EEAE}.Debug|Win32.Build.0 = Debug|Win32
		{0D89C0CD-48A1-45C6-A80C-8AE2C7A0EEAE}.Release|Win32.ActiveCfg = Release|Win32
		{0D89C0CD-48A1-45C6-A80C-8AE2C7A0EEAE}.Release|Win32.Build.0 = Release|Win32
	EndGlobalSection
	GlobalSection(SolutionProperties) = preSolution
		HideSolutionNode = FALSE
	EndGlobalSection
EndGlobal
