
Microsoft Visual Studio Solution File, Format Version 10.00
# Visual C++ Express 2008
Project("{8BC9CEB8-8B4A-11D0-8D11-00A0C91BC942}") = "plot_sample", "plot_sample.vcproj", "{0576AF21-50F5-4919-842E-1B067FE2B997}"
EndProject
Global
	GlobalSection(SolutionConfigurationPlatforms) = preSolution
		Debug|Win32 = Debug|Win32
		Release|Win32 = Release|Win32
	EndGlobalSection
	GlobalSection(ProjectConfigurationPlatforms) = postSolution
		{0576AF21-50F5-4919-842E-1B067FE2B997}.Debug|Win32.ActiveCfg = Debug|Win32
		{0576AF21-50F5-4919-842E-1B067FE2B997}.Debug|Win32.Build.0 = Debug|Win32
		{0576AF21-50F5-4919-842E-1B067FE2B997}.Release|Win32.ActiveCfg = Release|Win32
		{0576AF21-50F5-4919-842E-1B067FE2B997}.Release|Win32.Build.0 = Release|Win32
	EndGlobalSection
	GlobalSection(SolutionProperties) = preSolution
		HideSolutionNode = FALSE
	EndGlobalSection
EndGlobal
